PODS:
  - Alamofire (5.4.1)
  - Kingfisher (6.0.0)
  - Moya (14.0.0):
    - Moya/Core (= 14.0.0)
  - Moya/Core (14.0.0):
    - Alamofire (~> 5.0)
  - Nimble (9.0.0)
  - PromiseKit (6.13.1):
    - PromiseKit/CorePromise (= 6.13.1)
    - PromiseKit/Foundation (= 6.13.1)
    - PromiseKit/UIKit (= 6.13.1)
  - PromiseKit/CorePromise (6.13.1)
  - PromiseKit/Foundation (6.13.1):
    - PromiseKit/CorePromise
  - PromiseKit/UIKit (6.13.1):
    - PromiseKit/CorePromise
  - Quick (3.0.0)
  - R.swift (5.3.1):
    - R.swift.Library (~> 5.3.0)
  - R.swift.Library (5.3.0)
  - RxBlocking (6.0.0):
    - RxSwift (= 6.0.0)
  - RxCocoa (6.0.0):
    - RxRelay (= 6.0.0)
    - RxSwift (= 6.0.0)
  - RxRelay (6.0.0):
    - RxSwift (= 6.0.0)
  - RxSwift (6.0.0)
  - RxTest (6.0.0):
    - RxSwift (= 6.0.0)
  - SnapKit (5.0.1)

DEPENDENCIES:
  - Kingfisher
  - Moya
  - Nimble
  - PromiseKit
  - Quick
  - R.swift
  - RxBlocking
  - RxCocoa
  - RxRelay
  - RxSwift
  - RxTest
  - SnapKit

SPEC REPOS:
  trunk:
    - Alamofire
    - Kingfisher
    - Moya
    - Nimble
    - PromiseKit
    - Quick
    - R.swift
    - R.swift.Library
    - RxBlocking
    - RxCocoa
    - RxRelay
    - RxSwift
    - RxTest
    - SnapKit

SPEC CHECKSUMS:
  Alamofire: 2291f7d21ca607c491dd17642e5d40fdcda0e65c
  Kingfisher: 13f6e68c928eb50439b5cb2ea75d6035018438ea
  Moya: 5b45dacb75adb009f97fde91c204c1e565d31916
  Nimble: 3b4ec3fd40f1dc178058e0981107721c615643d8
  PromiseKit: 28fda91c973cc377875d8c0ea4f973013c05b6db
  Quick: 6d9559f40647bc4d510103842ef2fdd882d753e2
  R.swift: 56ec7e3aef34b9eee47a659e42462db2c1cc5ac3
  R.swift.Library: 0fc583cb55a99e28901299cc451614cad1161962
  RxBlocking: c025b8c6fe08c5b18c039b5b11d41ec413f8a59e
  RxCocoa: 3f79328fafa3645b34600f37c31e64c73ae3a80e
  RxRelay: 8d593be109c06ea850df027351beba614b012ffb
  RxSwift: c14e798c59b9f6e9a2df8fd235602e85cc044295
  RxTest: ddef4052e63cb116f5b73510488c3113c37c62e5
  SnapKit: 97b92857e3df3a0c71833cce143274bf6ef8e5eb

PODFILE CHECKSUM: 376cd40a2aedfa89f5c3f78e1b0ad53908f6b017

COCOAPODS: 1.10.0
